
Microsoft Visual Studio Solution File, Format Version 12.00
# Visual Studio Version 16
VisualStudioVersion = 16.0.30330.147
MinimumVisualStudioVersion = 10.0.40219.1
Project("{FAE04EC0-301F-11D3-BF4B-00C04F79EFBC}") = "ChessBoard.Raf.Tserunyan_2.0", "ChessBoard.Raf.Tserunyan_2.0\ChessBoard.Raf.Tserunyan_2.0.csproj", "{FD8C3CF4-58CC-4A2F-9DED-9F24F502CEE4}"
EndProject
Global
	GlobalSection(SolutionConfigurationPlatforms) = preSolution
		Debug|Any CPU = Debug|Any CPU
		Release|Any CPU = Release|Any CPU
	EndGlobalSection
	GlobalSection(ProjectConfigurationPlatforms) = postSolution
		{FD8C3CF4-58CC-4A2F-9DED-9F24F502CEE4}.Debug|Any CPU.ActiveCfg = Debug|Any CPU
		{FD8C3CF4-58CC-4A2F-9DED-9F24F502CEE4}.Debug|Any CPU.Build.0 = Debug|Any CPU
		{FD8C3CF4-58CC-4A2F-9DED-9F24F502CEE4}.Release|Any CPU.ActiveCfg = Release|Any CPU
		{FD8C3CF4-58CC-4A2F-9DED-9F24F502CEE4}.Release|Any CPU.Build.0 = Release|Any CPU
	EndGlobalSection
	GlobalSection(SolutionProperties) = preSolution
		HideSolutionNode = FALSE
	EndGlobalSection
	GlobalSection(ExtensibilityGlobals) = postSolution
		SolutionGuid = {E63B5D54-2DFA-4C6C-894F-E1BDE0977279}
	EndGlobalSection
EndGlobal
